
Microsoft Visual Studio Solution File, Format Version 12.00
# Visual Studio Version 16
VisualStudioVersion = 16.0.33214.272
MinimumVisualStudioVersion = 10.0.40219.1
Project("{FAE04EC0-301F-11D3-BF4B-00C04F79EFBC}") = "KhipoProject", "KhipoProject\KhipoProject.csproj", "{BBA14E84-A476-4407-BA31-C50A372D239E}"
EndProject
Global
	GlobalSection(SolutionConfigurationPlatforms) = preSolution
		Debug|Any CPU = Debug|Any CPU
		Release|Any CPU = Release|Any CPU
	EndGlobalSection
	GlobalSection(ProjectConfigurationPlatforms) = postSolution
		{BBA14E84-A476-4407-BA31-C50A372D239E}.Debug|Any CPU.ActiveCfg = Debug|Any CPU
		{BBA14E84-A476-4407-BA31-C50A372D239E}.Debug|Any CPU.Build.0 = Debug|Any CPU
		{BBA14E84-A476-4407-BA31-C50A372D239E}.Release|Any CPU.ActiveCfg = Release|Any CPU
		{BBA14E84-A476-4407-BA31-C50A372D239E}.Release|Any CPU.Build.0 = Release|Any CPU
	EndGlobalSection
	GlobalSection(SolutionProperties) = preSolution
		HideSolutionNode = FALSE
	EndGlobalSection
	GlobalSection(ExtensibilityGlobals) = postSolution
		SolutionGuid = {CB750160-657F-41FD-8F56-8F84EE3CAFD8}
	EndGlobalSection
EndGlobal
